// !$*UTF8*$!
{
	archiveVersion = 1;
	classes = {
	};
	objectVersion = 50;
	objects = {

/* Begin PBXBuildFile section */
		29CD6271BD9F9A62A8BA4289 /* Pods_BrowniePoints.framework in Frameworks */ = {isa = PBXBuildFile; fileRef = 9557B8CC903EDAFE606E8257 /* Pods_BrowniePoints.framework */; };
		4FCF49FF81FDE790275ED4C1 /* Pods_BrowniePointsTests.framework in Frameworks */ = {isa = PBXBuildFile; fileRef = A05ADDE97F0EAF1E15EC746C /* Pods_BrowniePointsTests.framework */; };
		D726464222B858E3000CF690 /* BrowniePointButton.swift in Sources */ = {isa = PBXBuildFile; fileRef = D726464122B858E3000CF690 /* BrowniePointButton.swift */; };
		D74C1A8522AF16E80091FE8C /* AppDelegate.swift in Sources */ = {isa = PBXBuildFile; fileRef = D74C1A8422AF16E80091FE8C /* AppDelegate.swift */; };
		D74C1A8A22AF16E80091FE8C /* Main.storyboard in Resources */ = {isa = PBXBuildFile; fileRef = D74C1A8822AF16E80091FE8C /* Main.storyboard */; };
		D74C1A8C22AF16E90091FE8C /* Assets.xcassets in Resources */ = {isa = PBXBuildFile; fileRef = D74C1A8B22AF16E90091FE8C /* Assets.xcassets */; };
		D74C1A8F22AF16E90091FE8C /* LaunchScreen.storyboard in Resources */ = {isa = PBXBuildFile; fileRef = D74C1A8D22AF16E90091FE8C /* LaunchScreen.storyboard */; };
		D74C1A9A22AF16E90091FE8C /* BrowniePointsTests.swift in Sources */ = {isa = PBXBuildFile; fileRef = D74C1A9922AF16E90091FE8C /* BrowniePointsTests.swift */; };
		D74C1AA622B0788D0091FE8C /* GiveBrownieViewController.swift in Sources */ = {isa = PBXBuildFile; fileRef = D74C1AA522B0788D0091FE8C /* GiveBrownieViewController.swift */; };
		D74C1AA822B078AA0091FE8C /* BrowseFriendsViewController.swift in Sources */ = {isa = PBXBuildFile; fileRef = D74C1AA722B078AA0091FE8C /* BrowseFriendsViewController.swift */; };
		D7C579CA22B0D06B000F5DD4 /* Friend.swift in Sources */ = {isa = PBXBuildFile; fileRef = D7C579C922B0D06B000F5DD4 /* Friend.swift */; };
		D7C579CC22B0D2F5000F5DD4 /* FriendCollectionViewCell.swift in Sources */ = {isa = PBXBuildFile; fileRef = D7C579CB22B0D2F5000F5DD4 /* FriendCollectionViewCell.swift */; };
/* End PBXBuildFile section */

/* Begin PBXContainerItemProxy section */
		D74C1A9622AF16E90091FE8C /* PBXContainerItemProxy */ = {
			isa = PBXContainerItemProxy;
			containerPortal = D74C1A7922AF16E80091FE8C /* Project object */;
			proxyType = 1;
			remoteGlobalIDString = D74C1A8022AF16E80091FE8C;
			remoteInfo = BrowniePoints;
		};
/* End PBXContainerItemProxy section */

/* Begin PBXFileReference section */
		6FA60B629BECBA56E5D20860 /* Pods-BrowniePoints.debug.xcconfig */ = {isa = PBXFileReference; includeInIndex = 1; lastKnownFileType = text.xcconfig; name = "Pods-BrowniePoints.debug.xcconfig"; path = "Pods/Target Support Files/Pods-BrowniePoints/Pods-BrowniePoints.debug.xcconfig"; sourceTree = "<group>"; };
		70F06FD0E14AB0466C847FE6 /* Pods-BrowniePoints.release.xcconfig */ = {isa = PBXFileReference; includeInIndex = 1; lastKnownFileType = text.xcconfig; name = "Pods-BrowniePoints.release.xcconfig"; path = "Pods/Target Support Files/Pods-BrowniePoints/Pods-BrowniePoints.release.xcconfig"; sourceTree = "<group>"; };
		9557B8CC903EDAFE606E8257 /* Pods_BrowniePoints.framework */ = {isa = PBXFileReference; explicitFileType = wrapper.framework; includeInIndex = 0; path = Pods_BrowniePoints.framework; sourceTree = BUILT_PRODUCTS_DIR; };
		A05ADDE97F0EAF1E15EC746C /* Pods_BrowniePointsTests.framework */ = {isa = PBXFileReference; explicitFileType = wrapper.framework; includeInIndex = 0; path = Pods_BrowniePointsTests.framework; sourceTree = BUILT_PRODUCTS_DIR; };
		D444BD58B167CB3D75B5AFE8 /* Pods-BrowniePointsTests.release.xcconfig */ = {isa = PBXFileReference; includeInIndex = 1; lastKnownFileType = text.xcconfig; name = "Pods-BrowniePointsTests.release.xcconfig"; path = "Pods/Target Support Files/Pods-BrowniePointsTests/Pods-BrowniePointsTests.release.xcconfig"; sourceTree = "<group>"; };
		D726464122B858E3000CF690 /* BrowniePointButton.swift */ = {isa = PBXFileReference; lastKnownFileType = sourcecode.swift; path = BrowniePointButton.swift; sourceTree = "<group>"; };
		D74C1A8122AF16E80091FE8C /* BrowniePoints.app */ = {isa = PBXFileReference; explicitFileType = wrapper.application; includeInIndex = 0; path = BrowniePoints.app; sourceTree = BUILT_PRODUCTS_DIR; };
		D74C1A8422AF16E80091FE8C /* AppDelegate.swift */ = {isa = PBXFileReference; lastKnownFileType = sourcecode.swift; path = AppDelegate.swift; sourceTree = "<group>"; };
		D74C1A8922AF16E80091FE8C /* Base */ = {isa = PBXFileReference; lastKnownFileType = file.storyboard; name = Base; path = Base.lproj/Main.storyboard; sourceTree = "<group>"; };
		D74C1A8B22AF16E90091FE8C /* Assets.xcassets */ = {isa = PBXFileReference; lastKnownFileType = folder.assetcatalog; path = Assets.xcassets; sourceTree = "<group>"; };
		D74C1A8E22AF16E90091FE8C /* Base */ = {isa = PBXFileReference; lastKnownFileType = file.storyboard; name = Base; path = Base.lproj/LaunchScreen.storyboard; sourceTree = "<group>"; };
		D74C1A9022AF16E90091FE8C /* Info.plist */ = {isa = PBXFileReference; lastKnownFileType = text.plist.xml; path = Info.plist; sourceTree = "<group>"; };
		D74C1A9522AF16E90091FE8C /* BrowniePointsTests.xctest */ = {isa = PBXFileReference; explicitFileType = wrapper.cfbundle; includeInIndex = 0; path = BrowniePointsTests.xctest; sourceTree = BUILT_PRODUCTS_DIR; };
		D74C1A9922AF16E90091FE8C /* BrowniePointsTests.swift */ = {isa = PBXFileReference; lastKnownFileType = sourcecode.swift; path = BrowniePointsTests.swift; sourceTree = "<group>"; };
		D74C1A9B22AF16E90091FE8C /* Info.plist */ = {isa = PBXFileReference; lastKnownFileType = text.plist.xml; path = Info.plist; sourceTree = "<group>"; };
		D74C1AA522B0788D0091FE8C /* GiveBrownieViewController.swift */ = {isa = PBXFileReference; lastKnownFileType = sourcecode.swift; path = GiveBrownieViewController.swift; sourceTree = "<group>"; };
		D74C1AA722B078AA0091FE8C /* BrowseFriendsViewController.swift */ = {isa = PBXFileReference; lastKnownFileType = sourcecode.swift; path = BrowseFriendsViewController.swift; sourceTree = "<group>"; };
		D7C579C922B0D06B000F5DD4 /* Friend.swift */ = {isa = PBXFileReference; lastKnownFileType = sourcecode.swift; path = Friend.swift; sourceTree = "<group>"; };
		D7C579CB22B0D2F5000F5DD4 /* FriendCollectionViewCell.swift */ = {isa = PBXFileReference; lastKnownFileType = sourcecode.swift; path = FriendCollectionViewCell.swift; sourceTree = "<group>"; };
		DCC0FA76812C7134262C1FFD /* Pods-BrowniePointsTests.debug.xcconfig */ = {isa = PBXFileReference; includeInIndex = 1; lastKnownFileType = text.xcconfig; name = "Pods-BrowniePointsTests.debug.xcconfig"; path = "Pods/Target Support Files/Pods-BrowniePointsTests/Pods-BrowniePointsTests.debug.xcconfig"; sourceTree = "<group>"; };
/* End PBXFileReference section */

/* Begin PBXFrameworksBuildPhase section */
		D74C1A7E22AF16E80091FE8C /* Frameworks */ = {
			isa = PBXFrameworksBuildPhase;
			buildActionMask = 2147483647;
			files = (
				29CD6271BD9F9A62A8BA4289 /* Pods_BrowniePoints.framework in Frameworks */,
			);
			runOnlyForDeploymentPostprocessing = 0;
		};
		D74C1A9222AF16E90091FE8C /* Frameworks */ = {
			isa = PBXFrameworksBuildPhase;
			buildActionMask = 2147483647;
			files = (
				4FCF49FF81FDE790275ED4C1 /* Pods_BrowniePointsTests.framework in Frameworks */,
			);
			runOnlyForDeploymentPostprocessing = 0;
		};
/* End PBXFrameworksBuildPhase section */

/* Begin PBXGroup section */
		2521258C5DFE55F9B866CB5A /* Pods */ = {
			isa = PBXGroup;
			children = (
				6FA60B629BECBA56E5D20860 /* Pods-BrowniePoints.debug.xcconfig */,
				70F06FD0E14AB0466C847FE6 /* Pods-BrowniePoints.release.xcconfig */,
				DCC0FA76812C7134262C1FFD /* Pods-BrowniePointsTests.debug.xcconfig */,
				D444BD58B167CB3D75B5AFE8 /* Pods-BrowniePointsTests.release.xcconfig */,
			);
			name = Pods;
			sourceTree = "<group>";
		};
		B8C23EEC0E53578A401E45A9 /* Frameworks */ = {
			isa = PBXGroup;
			children = (
				9557B8CC903EDAFE606E8257 /* Pods_BrowniePoints.framework */,
				A05ADDE97F0EAF1E15EC746C /* Pods_BrowniePointsTests.framework */,
			);
			name = Frameworks;
			sourceTree = "<group>";
		};
		D726463F22B858BB000CF690 /* Views */ = {
			isa = PBXGroup;
			children = (
				D74C1A8822AF16E80091FE8C /* Main.storyboard */,
				D7C579CB22B0D2F5000F5DD4 /* FriendCollectionViewCell.swift */,
				D726464122B858E3000CF690 /* BrowniePointButton.swift */,
			);
			path = Views;
			sourceTree = "<group>";
		};
		D726464022B858C4000CF690 /* Models */ = {
			isa = PBXGroup;
			children = (
				D7C579C922B0D06B000F5DD4 /* Friend.swift */,
			);
			path = Models;
			sourceTree = "<group>";
		};
		D74C1A7822AF16E80091FE8C = {
			isa = PBXGroup;
			children = (
				D74C1A8322AF16E80091FE8C /* BrowniePoints */,
				D74C1A9822AF16E90091FE8C /* BrowniePointsTests */,
				D74C1A8222AF16E80091FE8C /* Products */,
				2521258C5DFE55F9B866CB5A /* Pods */,
				B8C23EEC0E53578A401E45A9 /* Frameworks */,
			);
			sourceTree = "<group>";
		};
		D74C1A8222AF16E80091FE8C /* Products */ = {
			isa = PBXGroup;
			children = (
				D74C1A8122AF16E80091FE8C /* BrowniePoints.app */,
				D74C1A9522AF16E90091FE8C /* BrowniePointsTests.xctest */,
			);
			name = Products;
			sourceTree = "<group>";
		};
		D74C1A8322AF16E80091FE8C /* BrowniePoints */ = {
			isa = PBXGroup;
			children = (
				D726464022B858C4000CF690 /* Models */,
				D726463F22B858BB000CF690 /* Views */,
				D74C1AA422B078470091FE8C /* ViewControllers */,
				D74C1A8422AF16E80091FE8C /* AppDelegate.swift */,
				D74C1A8B22AF16E90091FE8C /* Assets.xcassets */,
				D74C1A8D22AF16E90091FE8C /* LaunchScreen.storyboard */,
				D74C1A9022AF16E90091FE8C /* Info.plist */,
			);
			path = BrowniePoints;
			sourceTree = "<group>";
		};
		D74C1A9822AF16E90091FE8C /* BrowniePointsTests */ = {
			isa = PBXGroup;
			children = (
				D74C1A9922AF16E90091FE8C /* BrowniePointsTests.swift */,
				D74C1A9B22AF16E90091FE8C /* Info.plist */,
			);
			path = BrowniePointsTests;
			sourceTree = "<group>";
		};
		D74C1AA422B078470091FE8C /* ViewControllers */ = {
			isa = PBXGroup;
			children = (
				D74C1AA522B0788D0091FE8C /* GiveBrownieViewController.swift */,
				D74C1AA722B078AA0091FE8C /* BrowseFriendsViewController.swift */,
			);
			path = ViewControllers;
			sourceTree = "<group>";
		};
/* End PBXGroup section */

/* Begin PBXNativeTarget section */
		D74C1A8022AF16E80091FE8C /* BrowniePoints */ = {
			isa = PBXNativeTarget;
			buildConfigurationList = D74C1A9E22AF16E90091FE8C /* Build configuration list for PBXNativeTarget "BrowniePoints" */;
			buildPhases = (
				4615B2ADF2A8548895B7DC24 /* [CP] Check Pods Manifest.lock */,
				D74C1A7D22AF16E80091FE8C /* Sources */,
				D74C1A7E22AF16E80091FE8C /* Frameworks */,
				D74C1A7F22AF16E80091FE8C /* Resources */,
				4AB2D936ECFBC8609C65E81D /* [CP] Embed Pods Frameworks */,
			);
			buildRules = (
			);
			dependencies = (
			);
			name = BrowniePoints;
			productName = BrowniePoints;
			productReference = D74C1A8122AF16E80091FE8C /* BrowniePoints.app */;
			productType = "com.apple.product-type.application";
		};
		D74C1A9422AF16E90091FE8C /* BrowniePointsTests */ = {
			isa = PBXNativeTarget;
			buildConfigurationList = D74C1AA122AF16E90091FE8C /* Build configuration list for PBXNativeTarget "BrowniePointsTests" */;
			buildPhases = (
				647EAF895FB89DC80C76797B /* [CP] Check Pods Manifest.lock */,
				D74C1A9122AF16E90091FE8C /* Sources */,
				D74C1A9222AF16E90091FE8C /* Frameworks */,
				D74C1A9322AF16E90091FE8C /* Resources */,
			);
			buildRules = (
			);
			dependencies = (
				D74C1A9722AF16E90091FE8C /* PBXTargetDependency */,
			);
			name = BrowniePointsTests;
			productName = BrowniePointsTests;
			productReference = D74C1A9522AF16E90091FE8C /* BrowniePointsTests.xctest */;
			productType = "com.apple.product-type.bundle.unit-test";
		};
/* End PBXNativeTarget section */

/* Begin PBXProject section */
		D74C1A7922AF16E80091FE8C /* Project object */ = {
			isa = PBXProject;
			attributes = {
				LastSwiftUpdateCheck = 1020;
				LastUpgradeCheck = 1020;
				ORGANIZATIONNAME = UW;
				TargetAttributes = {
					D74C1A8022AF16E80091FE8C = {
						CreatedOnToolsVersion = 10.2.1;
					};
					D74C1A9422AF16E90091FE8C = {
						CreatedOnToolsVersion = 10.2.1;
						TestTargetID = D74C1A8022AF16E80091FE8C;
					};
				};
			};
			buildConfigurationList = D74C1A7C22AF16E80091FE8C /* Build configuration list for PBXProject "BrowniePoints" */;
			compatibilityVersion = "Xcode 9.3";
			developmentRegion = en;
			hasScannedForEncodings = 0;
			knownRegions = (
				en,
				Base,
			);
			mainGroup = D74C1A7822AF16E80091FE8C;
			productRefGroup = D74C1A8222AF16E80091FE8C /* Products */;
			projectDirPath = "";
			projectRoot = "";
			targets = (
				D74C1A8022AF16E80091FE8C /* BrowniePoints */,
				D74C1A9422AF16E90091FE8C /* BrowniePointsTests */,
			);
		};
/* End PBXProject section */

/* Begin PBXResourcesBuildPhase section */
		D74C1A7F22AF16E80091FE8C /* Resources */ = {
			isa = PBXResourcesBuildPhase;
			buildActionMask = 2147483647;
			files = (
				D74C1A8F22AF16E90091FE8C /* LaunchScreen.storyboard in Resources */,
				D74C1A8C22AF16E90091FE8C /* Assets.xcassets in Resources */,
				D74C1A8A22AF16E80091FE8C /* Main.storyboard in Resources */,
			);
			runOnlyForDeploymentPostprocessing = 0;
		};
		D74C1A9322AF16E90091FE8C /* Resources */ = {
			isa = PBXResourcesBuildPhase;
			buildActionMask = 2147483647;
			files = (
			);
			runOnlyForDeploymentPostprocessing = 0;
		};
/* End PBXResourcesBuildPhase section */

/* Begin PBXShellScriptBuildPhase section */
		4615B2ADF2A8548895B7DC24 /* [CP] Check Pods Manifest.lock */ = {
			isa = PBXShellScriptBuildPhase;
			buildActionMask = 2147483647;
			files = (
			);
			inputFileListPaths = (
			);
			inputPaths = (
				"${PODS_PODFILE_DIR_PATH}/Podfile.lock",
				"${PODS_ROOT}/Manifest.lock",
			);
			name = "[CP] Check Pods Manifest.lock";
			outputFileListPaths = (
			);
			outputPaths = (
				"$(DERIVED_FILE_DIR)/Pods-BrowniePoints-checkManifestLockResult.txt",
			);
			runOnlyForDeploymentPostprocessing = 0;
			shellPath = /bin/sh;
			shellScript = "diff \"${PODS_PODFILE_DIR_PATH}/Podfile.lock\" \"${PODS_ROOT}/Manifest.lock\" > /dev/null\nif [ $? != 0 ] ; then\n    # print error to STDERR\n    echo \"error: The sandbox is not in sync with the Podfile.lock. Run 'pod install' or update your CocoaPods installation.\" >&2\n    exit 1\nfi\n# This output is used by Xcode 'outputs' to avoid re-running this script phase.\necho \"SUCCESS\" > \"${SCRIPT_OUTPUT_FILE_0}\"\n";
			showEnvVarsInLog = 0;
		};
		4AB2D936ECFBC8609C65E81D /* [CP] Embed Pods Frameworks */ = {
			isa = PBXShellScriptBuildPhase;
			buildActionMask = 2147483647;
			files = (
			);
			inputFileListPaths = (
			);
			inputPaths = (
				"${SRCROOT}/Pods/Target Support Files/Pods-BrowniePoints/Pods-BrowniePoints-frameworks.sh",
				"${BUILT_PRODUCTS_DIR}/CenteredCollectionView/CenteredCollectionView.framework",
				"${BUILT_PRODUCTS_DIR}/Realm/Realm.framework",
				"${BUILT_PRODUCTS_DIR}/RealmSwift/RealmSwift.framework",
			);
			name = "[CP] Embed Pods Frameworks";
			outputFileListPaths = (
			);
			outputPaths = (
				"${TARGET_BUILD_DIR}/${FRAMEWORKS_FOLDER_PATH}/CenteredCollectionView.framework",
				"${TARGET_BUILD_DIR}/${FRAMEWORKS_FOLDER_PATH}/Realm.framework",
				"${TARGET_BUILD_DIR}/${FRAMEWORKS_FOLDER_PATH}/RealmSwift.framework",
			);
			runOnlyForDeploymentPostprocessing = 0;
			shellPath = /bin/sh;
			shellScript = "\"${SRCROOT}/Pods/Target Support Files/Pods-BrowniePoints/Pods-BrowniePoints-frameworks.sh\"\n";
			showEnvVarsInLog = 0;
		};
		647EAF895FB89DC80C76797B /* [CP] Check Pods Manifest.lock */ = {
			isa = PBXShellScriptBuildPhase;
			buildActionMask = 2147483647;
			files = (
			);
			inputFileListPaths = (
			);
			inputPaths = (
				"${PODS_PODFILE_DIR_PATH}/Podfile.lock",
				"${PODS_ROOT}/Manifest.lock",
			);
			name = "[CP] Check Pods Manifest.lock";
			outputFileListPaths = (
			);
			outputPaths = (
				"$(DERIVED_FILE_DIR)/Pods-BrowniePointsTests-checkManifestLockResult.txt",
			);
			runOnlyForDeploymentPostprocessing = 0;
			shellPath = /bin/sh;
			shellScript = "diff \"${PODS_PODFILE_DIR_PATH}/Podfile.lock\" \"${PODS_ROOT}/Manifest.lock\" > /dev/null\nif [ $? != 0 ] ; then\n    # print error to STDERR\n    echo \"error: The sandbox is not in sync with the Podfile.lock. Run 'pod install' or update your CocoaPods installation.\" >&2\n    exit 1\nfi\n# This output is used by Xcode 'outputs' to avoid re-running this script phase.\necho \"SUCCESS\" > \"${SCRIPT_OUTPUT_FILE_0}\"\n";
			showEnvVarsInLog = 0;
		};
/* End PBXShellScriptBuildPhase section */

/* Begin PBXSourcesBuildPhase section */
		D74C1A7D22AF16E80091FE8C /* Sources */ = {
			isa = PBXSourcesBuildPhase;
			buildActionMask = 2147483647;
			files = (
				D7C579CC22B0D2F5000F5DD4 /* FriendCollectionViewCell.swift in Sources */,
				D726464222B858E3000CF690 /* BrowniePointButton.swift in Sources */,
				D74C1AA822B078AA0091FE8C /* BrowseFriendsViewController.swift in Sources */,
				D74C1AA622B0788D0091FE8C /* GiveBrownieViewController.swift in Sources */,
				D7C579CA22B0D06B000F5DD4 /* Friend.swift in Sources */,
				D74C1A8522AF16E80091FE8C /* AppDelegate.swift in Sources */,
			);
			runOnlyForDeploymentPostprocessing = 0;
		};
		D74C1A9122AF16E90091FE8C /* Sources */ = {
			isa = PBXSourcesBuildPhase;
			buildActionMask = 2147483647;
			files = (
				D74C1A9A22AF16E90091FE8C /* BrowniePointsTests.swift in Sources */,
			);
			runOnlyForDeploymentPostprocessing = 0;
		};
/* End PBXSourcesBuildPhase section */

/* Begin PBXTargetDependency section */
		D74C1A9722AF16E90091FE8C /* PBXTargetDependency */ = {
			isa = PBXTargetDependency;
			target = D74C1A8022AF16E80091FE8C /* BrowniePoints */;
			targetProxy = D74C1A9622AF16E90091FE8C /* PBXContainerItemProxy */;
		};
/* End PBXTargetDependency section */

/* Begin PBXVariantGroup section */
		D74C1A8822AF16E80091FE8C /* Main.storyboard */ = {
			isa = PBXVariantGroup;
			children = (
				D74C1A8922AF16E80091FE8C /* Base */,
			);
			name = Main.storyboard;
			sourceTree = "<group>";
		};
		D74C1A8D22AF16E90091FE8C /* LaunchScreen.storyboard */ = {
			isa = PBXVariantGroup;
			children = (
				D74C1A8E22AF16E90091FE8C /* Base */,
			);
			name = LaunchScreen.storyboard;
			sourceTree = "<group>";
		};
/* End PBXVariantGroup section */

/* Begin XCBuildConfiguration section */
		D74C1A9C22AF16E90091FE8C /* Debug */ = {
			isa = XCBuildConfiguration;
			buildSettings = {
				ALWAYS_SEARCH_USER_PATHS = NO;
				CLANG_ANALYZER_NONNULL = YES;
				CLANG_ANALYZER_NUMBER_OBJECT_CONVERSION = YES_AGGRESSIVE;
				CLANG_CXX_LANGUAGE_STANDARD = "gnu++14";
				CLANG_CXX_LIBRARY = "libc++";
				CLANG_ENABLE_MODULES = YES;
				CLANG_ENABLE_OBJC_ARC = YES;
				CLANG_ENABLE_OBJC_WEAK = YES;
				CLANG_WARN_BLOCK_CAPTURE_AUTORELEASING = YES;
				CLANG_WARN_BOOL_CONVERSION = YES;
				CLANG_WARN_COMMA = YES;
				CLANG_WARN_CONSTANT_CONVERSION = YES;
				CLANG_WARN_DEPRECATED_OBJC_IMPLEMENTATIONS = YES;
				CLANG_WARN_DIRECT_OBJC_ISA_USAGE = YES_ERROR;
				CLANG_WARN_DOCUMENTATION_COMMENTS = YES;
				CLANG_WARN_EMPTY_BODY = YES;
				CLANG_WARN_ENUM_CONVERSION = YES;
				CLANG_WARN_INFINITE_RECURSION = YES;
				CLANG_WARN_INT_CONVERSION = YES;
				CLANG_WARN_NON_LITERAL_NULL_CONVERSION = YES;
				CLANG_WARN_OBJC_IMPLICIT_RETAIN_SELF = YES;
				CLANG_WARN_OBJC_LITERAL_CONVERSION = YES;
				CLANG_WARN_OBJC_ROOT_CLASS = YES_ERROR;
				CLANG_WARN_RANGE_LOOP_ANALYSIS = YES;
				CLANG_WARN_STRICT_PROTOTYPES = YES;
				CLANG_WARN_SUSPICIOUS_MOVE = YES;
				CLANG_WARN_UNGUARDED_AVAILABILITY = YES_AGGRESSIVE;
				CLANG_WARN_UNREACHABLE_CODE = YES;
				CLANG_WARN__DUPLICATE_METHOD_MATCH = YES;
				CODE_SIGN_IDENTITY = "iPhone Developer";
				COPY_PHASE_STRIP = NO;
				DEBUG_INFORMATION_FORMAT = dwarf;
				ENABLE_STRICT_OBJC_MSGSEND = YES;
				ENABLE_TESTABILITY = YES;
				GCC_C_LANGUAGE_STANDARD = gnu11;
				GCC_DYNAMIC_NO_PIC = NO;
				GCC_NO_COMMON_BLOCKS = YES;
				GCC_OPTIMIZATION_LEVEL = 0;
				GCC_PREPROCESSOR_DEFINITIONS = (
					"DEBUG=1",
					"$(inherited)",
				);
				GCC_WARN_64_TO_32_BIT_CONVERSION = YES;
				GCC_WARN_ABOUT_RETURN_TYPE = YES_ERROR;
				GCC_WARN_UNDECLARED_SELECTOR = YES;
				GCC_WARN_UNINITIALIZED_AUTOS = YES_AGGRESSIVE;
				GCC_WARN_UNUSED_FUNCTION = YES;
				GCC_WARN_UNUSED_VARIABLE = YES;
				IPHONEOS_DEPLOYMENT_TARGET = 12.2;
				MTL_ENABLE_DEBUG_INFO = INCLUDE_SOURCE;
				MTL_FAST_MATH = YES;
				ONLY_ACTIVE_ARCH = YES;
				SDKROOT = iphoneos;
				SWIFT_ACTIVE_COMPILATION_CONDITIONS = DEBUG;
				SWIFT_OPTIMIZATION_LEVEL = "-Onone";
			};
			name = Debug;
		};
		D74C1A9D22AF16E90091FE8C /* Release */ = {
			isa = XCBuildConfiguration;
			buildSettings = {
				ALWAYS_SEARCH_USER_PATHS = NO;
				CLANG_ANALYZER_NONNULL = YES;
				CLANG_ANALYZER_NUMBER_OBJECT_CONVERSION = YES_AGGRESSIVE;
				CLANG_CXX_LANGUAGE_STANDARD = "gnu++14";
				CLANG_CXX_LIBRARY = "libc++";
				CLANG_ENABLE_MODULES = YES;
				CLANG_ENABLE_OBJC_ARC = YES;
				CLANG_ENABLE_OBJC_WEAK = YES;
				CLANG_WARN_BLOCK_CAPTURE_AUTORELEASING = YES;
				CLANG_WARN_BOOL_CONVERSION = YES;
				CLANG_WARN_COMMA = YES;
				CLANG_WARN_CONSTANT_CONVERSION = YES;
				CLANG_WARN_DEPRECATED_OBJC_IMPLEMENTATIONS = YES;
				CLANG_WARN_DIRECT_OBJC_ISA_USAGE = YES_ERROR;
				CLANG_WARN_DOCUMENTATION_COMMENTS = YES;
				CLANG_WARN_EMPTY_BODY = YES;
				CLANG_WARN_ENUM_CONVERSION = YES;
				CLANG_WARN_INFINITE_RECURSION = YES;
				CLANG_WARN_INT_CONVERSION = YES;
				CLANG_WARN_NON_LITERAL_NULL_CONVERSION = YES;
				CLANG_WARN_OBJC_IMPLICIT_RETAIN_SELF = YES;
				CLANG_WARN_OBJC_LITERAL_CONVERSION = YES;
				CLANG_WARN_OBJC_ROOT_CLASS = YES_ERROR;
				CLANG_WARN_RANGE_LOOP_ANALYSIS = YES;
				CLANG_WARN_STRICT_PROTOTYPES = YES;
				CLANG_WARN_SUSPICIOUS_MOVE = YES;
				CLANG_WARN_UNGUARDED_AVAILABILITY = YES_AGGRESSIVE;
				CLANG_WARN_UNREACHABLE_CODE = YES;
				CLANG_WARN__DUPLICATE_METHOD_MATCH = YES;
				CODE_SIGN_IDENTITY = "iPhone Developer";
				COPY_PHASE_STRIP = NO;
				DEBUG_INFORMATION_FORMAT = "dwarf-with-dsym";
				ENABLE_NS_ASSERTIONS = NO;
				ENABLE_STRICT_OBJC_MSGSEND = YES;
				GCC_C_LANGUAGE_STANDARD = gnu11;
				GCC_NO_COMMON_BLOCKS = YES;
				GCC_WARN_64_TO_32_BIT_CONVERSION = YES;
				GCC_WARN_ABOUT_RETURN_TYPE = YES_ERROR;
				GCC_WARN_UNDECLARED_SELECTOR = YES;
				GCC_WARN_UNINITIALIZED_AUTOS = YES_AGGRESSIVE;
				GCC_WARN_UNUSED_FUNCTION = YES;
				GCC_WARN_UNUSED_VARIABLE = YES;
				IPHONEOS_DEPLOYMENT_TARGET = 12.2;
				MTL_ENABLE_DEBUG_INFO = NO;
				MTL_FAST_MATH = YES;
				SDKROOT = iphoneos;
				SWIFT_COMPILATION_MODE = wholemodule;
				SWIFT_OPTIMIZATION_LEVEL = "-O";
				VALIDATE_PRODUCT = YES;
			};
			name = Release;
		};
		D74C1A9F22AF16E90091FE8C /* Debug */ = {
			isa = XCBuildConfiguration;
			baseConfigurationReference = 6FA60B629BECBA56E5D20860 /* Pods-BrowniePoints.debug.xcconfig */;
			buildSettings = {
				ASSETCATALOG_COMPILER_APPICON_NAME = AppIcon;
				CODE_SIGN_STYLE = Automatic;
				DEVELOPMENT_TEAM = CAUV8X6AAP;
				INFOPLIST_FILE = BrowniePoints/Info.plist;
				LD_RUNPATH_SEARCH_PATHS = (
					"$(inherited)",
					"@executable_path/Frameworks",
				);
				PRODUCT_BUNDLE_IDENTIFIER = edu.uw.BrowniePoints;
				PRODUCT_NAME = "$(TARGET_NAME)";
				SWIFT_VERSION = 5.0;
				TARGETED_DEVICE_FAMILY = "1,2";
			};
			name = Debug;
		};
		D74C1AA022AF16E90091FE8C /* Release */ = {
			isa = XCBuildConfiguration;
			baseConfigurationReference = 70F06FD0E14AB0466C847FE6 /* Pods-BrowniePoints.release.xcconfig */;
			buildSettings = {
				ASSETCATALOG_COMPILER_APPICON_NAME = AppIcon;
				CODE_SIGN_STYLE = Automatic;
				DEVELOPMENT_TEAM = CAUV8X6AAP;
				INFOPLIST_FILE = BrowniePoints/Info.plist;
				LD_RUNPATH_SEARCH_PATHS = (
					"$(inherited)",
					"@executable_path/Frameworks",
				);
				PRODUCT_BUNDLE_IDENTIFIER = edu.uw.BrowniePoints;
				PRODUCT_NAME = "$(TARGET_NAME)";
				SWIFT_VERSION = 5.0;
				TARGETED_DEVICE_FAMILY = "1,2";
			};
			name = Release;
		};
		D74C1AA222AF16E90091FE8C /* Debug */ = {
			isa = XCBuildConfiguration;
			baseConfigurationReference = DCC0FA76812C7134262C1FFD /* Pods-BrowniePointsTests.debug.xcconfig */;
			buildSettings = {
				ALWAYS_EMBED_SWIFT_STANDARD_LIBRARIES = YES;
				BUNDLE_LOADER = "$(TEST_HOST)";
				CODE_SIGN_STYLE = Automatic;
				DEVELOPMENT_TEAM = CAUV8X6AAP;
				INFOPLIST_FILE = BrowniePointsTests/Info.plist;
				LD_RUNPATH_SEARCH_PATHS = (
					"$(inherited)",
					"@executable_path/Frameworks",
					"@loader_path/Frameworks",
				);
				PRODUCT_BUNDLE_IDENTIFIER = edu.uw.BrowniePointsTests;
				PRODUCT_NAME = "$(TARGET_NAME)";
				SWIFT_VERSION = 5.0;
				TARGETED_DEVICE_FAMILY = "1,2";
				TEST_HOST = "$(BUILT_PRODUCTS_DIR)/BrowniePoints.app/BrowniePoints";
			};
			name = Debug;
		};
		D74C1AA322AF16E90091FE8C /* Release */ = {
			isa = XCBuildConfiguration;
			baseConfigurationReference = D444BD58B167CB3D75B5AFE8 /* Pods-BrowniePointsTests.release.xcconfig */;
			buildSettings = {
				ALWAYS_EMBED_SWIFT_STANDARD_LIBRARIES = YES;
				BUNDLE_LOADER = "$(TEST_HOST)";
				CODE_SIGN_STYLE = Automatic;
				DEVELOPMENT_TEAM = CAUV8X6AAP;
				INFOPLIST_FILE = BrowniePointsTests/Info.plist;
				LD_RUNPATH_SEARCH_PATHS = (
					"$(inherited)",
					"@executable_path/Frameworks",
					"@loader_path/Frameworks",
				);
				PRODUCT_BUNDLE_IDENTIFIER = edu.uw.BrowniePointsTests;
				PRODUCT_NAME = "$(TARGET_NAME)";
				SWIFT_VERSION = 5.0;
				TARGETED_DEVICE_FAMILY = "1,2";
				TEST_HOST = "$(BUILT_PRODUCTS_DIR)/BrowniePoints.app/BrowniePoints";
			};
			name = Release;
		};
/* End XCBuildConfiguration section */

/* Begin XCConfigurationList section */
		D74C1A7C22AF16E80091FE8C /* Build configuration list for PBXProject "BrowniePoints" */ = {
			isa = XCConfigurationList;
			buildConfigurations = (
				D74C1A9C22AF16E90091FE8C /* Debug */,
				D74C1A9D22AF16E90091FE8C /* Release */,
			);
			defaultConfigurationIsVisible = 0;
			defaultConfigurationName = Release;
		};
		D74C1A9E22AF16E90091FE8C /* Build configuration list for PBXNativeTarget "BrowniePoints" */ = {
			isa = XCConfigurationList;
			buildConfigurations = (
				D74C1A9F22AF16E90091FE8C /* Debug */,
				D74C1AA022AF16E90091FE8C /* Release */,
			);
			defaultConfigurationIsVisible = 0;
			defaultConfigurationName = Release;
		};
		D74C1AA122AF16E90091FE8C /* Build configuration list for PBXNativeTarget "BrowniePointsTests" */ = {
			isa = XCConfigurationList;
			buildConfigurations = (
				D74C1AA222AF16E90091FE8C /* Debug */,
				D74C1AA322AF16E90091FE8C /* Release */,
			);
			defaultConfigurationIsVisible = 0;
			defaultConfigurationName = Release;
		};
/* End XCConfigurationList section */
	};
	rootObject = D74C1A7922AF16E80091FE8C /* Project object */;
}
